
Microsoft Visual Studio Solution File, Format Version 12.00
# Visual Studio Version 17
VisualStudioVersion = 17.0.31903.59
MinimumVisualStudioVersion = 10.0.40219.1
Project("{FAE04EC0-301F-11D3-BF4B-00C04F79EFBC}") = "WebApi", "src\WebApi.csproj", "{8C3CBA82-994B-4F1F-B4A0-DC10B33E3D93}"
EndProject
Project("{FAE04EC0-301F-11D3-BF4B-00C04F79EFBC}") = "PracticeWebApi.Test", "test\PracticeWebApi.Test\PracticeWebApi.Test.csproj", "{052CA8FC-7679-4009-AABD-074B2147399E}"
EndProject
Global
	GlobalSection(SolutionConfigurationPlatforms) = preSolution
		Debug|Any CPU = Debug|Any CPU
		Release|Any CPU = Release|Any CPU
	EndGlobalSection
	GlobalSection(SolutionProperties) = preSolution
		HideSolutionNode = FALSE
	EndGlobalSection
	GlobalSection(ProjectConfigurationPlatforms) = postSolution
		{8C3CBA82-994B-4F1F-B4A0-DC10B33E3D93}.Debug|Any CPU.ActiveCfg = Debug|Any CPU
		{8C3CBA82-994B-4F1F-B4A0-DC10B33E3D93}.Debug|Any CPU.Build.0 = Debug|Any CPU
		{8C3CBA82-994B-4F1F-B4A0-DC10B33E3D93}.Release|Any CPU.ActiveCfg = Release|Any CPU
		{8C3CBA82-994B-4F1F-B4A0-DC10B33E3D93}.Release|Any CPU.Build.0 = Release|Any CPU
		{052CA8FC-7679-4009-AABD-074B2147399E}.Debug|Any CPU.ActiveCfg = Debug|Any CPU
		{052CA8FC-7679-4009-AABD-074B2147399E}.Debug|Any CPU.Build.0 = Debug|Any CPU
		{052CA8FC-7679-4009-AABD-074B2147399E}.Release|Any CPU.ActiveCfg = Release|Any CPU
		{052CA8FC-7679-4009-AABD-074B2147399E}.Release|Any CPU.Build.0 = Release|Any CPU
	EndGlobalSection
	GlobalSection(NestedProjects) = preSolution
		{052CA8FC-7679-4009-AABD-074B2147399E} = {51AC6806-323E-4B7F-96F9-7117B0B2E604}
	EndGlobalSection
EndGlobal
